
Microsoft Visual Studio Solution File, Format Version 12.00
# Visual Studio 2012
Project("{FAE04EC0-301F-11D3-BF4B-00C04F79EFBC}") = "SqliteApp", "SqliteApp\SqliteApp.csproj", "{5719E386-CC4B-4F81-91EF-72341F7EF2C8}"
EndProject
Project("{FAE04EC0-301F-11D3-BF4B-00C04F79EFBC}") = "SqliteApp.iOS", "iOS\SqliteApp.iOS.csproj", "{6D7BC2DC-A0A9-413A-8702-3313084AF023}"
EndProject
Project("{FAE04EC0-301F-11D3-BF4B-00C04F79EFBC}") = "SqliteApp.Droid", "Droid\SqliteApp.Droid.csproj", "{F34D51A1-132B-4F0B-B8FA-670934000399}"
EndProject
Global
	GlobalSection(SolutionConfigurationPlatforms) = preSolution
		Debug|Any CPU = Debug|Any CPU
		Release|Any CPU = Release|Any CPU
		Debug|iPhoneSimulator = Debug|iPhoneSimulator
		Release|iPhone = Release|iPhone
		Release|iPhoneSimulator = Release|iPhoneSimulator
		Debug|iPhone = Debug|iPhone
	EndGlobalSection
	GlobalSection(ProjectConfigurationPlatforms) = postSolution
		{5719E386-CC4B-4F81-91EF-72341F7EF2C8}.Debug|Any CPU.ActiveCfg = Debug|Any CPU
		{5719E386-CC4B-4F81-91EF-72341F7EF2C8}.Debug|Any CPU.Build.0 = Debug|Any CPU
		{5719E386-CC4B-4F81-91EF-72341F7EF2C8}.Release|Any CPU.ActiveCfg = Release|Any CPU
		{5719E386-CC4B-4F81-91EF-72341F7EF2C8}.Release|Any CPU.Build.0 = Release|Any CPU
		{5719E386-CC4B-4F81-91EF-72341F7EF2C8}.Debug|iPhoneSimulator.ActiveCfg = Debug|Any CPU
		{5719E386-CC4B-4F81-91EF-72341F7EF2C8}.Debug|iPhoneSimulator.Build.0 = Debug|Any CPU
		{5719E386-CC4B-4F81-91EF-72341F7EF2C8}.Release|iPhone.ActiveCfg = Release|Any CPU
		{5719E386-CC4B-4F81-91EF-72341F7EF2C8}.Release|iPhone.Build.0 = Release|Any CPU
		{5719E386-CC4B-4F81-91EF-72341F7EF2C8}.Release|iPhoneSimulator.ActiveCfg = Release|Any CPU
		{5719E386-CC4B-4F81-91EF-72341F7EF2C8}.Release|iPhoneSimulator.Build.0 = Release|Any CPU
		{5719E386-CC4B-4F81-91EF-72341F7EF2C8}.Debug|iPhone.ActiveCfg = Debug|Any CPU
		{5719E386-CC4B-4F81-91EF-72341F7EF2C8}.Debug|iPhone.Build.0 = Debug|Any CPU
		{6D7BC2DC-A0A9-413A-8702-3313084AF023}.Debug|Any CPU.ActiveCfg = Debug|iPhoneSimulator
		{6D7BC2DC-A0A9-413A-8702-3313084AF023}.Debug|Any CPU.Build.0 = Debug|iPhoneSimulator
		{6D7BC2DC-A0A9-413A-8702-3313084AF023}.Release|Any CPU.ActiveCfg = Release|iPhone
		{6D7BC2DC-A0A9-413A-8702-3313084AF023}.Release|Any CPU.Build.0 = Release|iPhone
		{6D7BC2DC-A0A9-413A-8702-3313084AF023}.Debug|iPhoneSimulator.ActiveCfg = Debug|iPhoneSimulator
		{6D7BC2DC-A0A9-413A-8702-3313084AF023}.Debug|iPhoneSimulator.Build.0 = Debug|iPhoneSimulator
		{6D7BC2DC-A0A9-413A-8702-3313084AF023}.Release|iPhone.ActiveCfg = Release|iPhone
		{6D7BC2DC-A0A9-413A-8702-3313084AF023}.Release|iPhone.Build.0 = Release|iPhone
		{6D7BC2DC-A0A9-413A-8702-3313084AF023}.Release|iPhoneSimulator.ActiveCfg = Release|iPhoneSimulator
		{6D7BC2DC-A0A9-413A-8702-3313084AF023}.Release|iPhoneSimulator.Build.0 = Release|iPhoneSimulator
		{6D7BC2DC-A0A9-413A-8702-3313084AF023}.Debug|iPhone.ActiveCfg = Debug|iPhone
		{6D7BC2DC-A0A9-413A-8702-3313084AF023}.Debug|iPhone.Build.0 = Debug|iPhone
		{F34D51A1-132B-4F0B-B8FA-670934000399}.Debug|Any CPU.ActiveCfg = Debug|Any CPU
		{F34D51A1-132B-4F0B-B8FA-670934000399}.Debug|Any CPU.Build.0 = Debug|Any CPU
		{F34D51A1-132B-4F0B-B8FA-670934000399}.Release|Any CPU.ActiveCfg = Release|Any CPU
		{F34D51A1-132B-4F0B-B8FA-670934000399}.Release|Any CPU.Build.0 = Release|Any CPU
		{F34D51A1-132B-4F0B-B8FA-670934000399}.Debug|iPhoneSimulator.ActiveCfg = Debug|Any CPU
		{F34D51A1-132B-4F0B-B8FA-670934000399}.Debug|iPhoneSimulator.Build.0 = Debug|Any CPU
		{F34D51A1-132B-4F0B-B8FA-670934000399}.Release|iPhone.ActiveCfg = Release|Any CPU
		{F34D51A1-132B-4F0B-B8FA-670934000399}.Release|iPhone.Build.0 = Release|Any CPU
		{F34D51A1-132B-4F0B-B8FA-670934000399}.Release|iPhoneSimulator.ActiveCfg = Release|Any CPU
		{F34D51A1-132B-4F0B-B8FA-670934000399}.Release|iPhoneSimulator.Build.0 = Release|Any CPU
		{F34D51A1-132B-4F0B-B8FA-670934000399}.Debug|iPhone.ActiveCfg = Debug|Any CPU
		{F34D51A1-132B-4F0B-B8FA-670934000399}.Debug|iPhone.Build.0 = Debug|Any CPU
	EndGlobalSection
EndGlobal
